
Microsoft Visual Studio Solution File, Format Version 12.00
# Visual Studio 15
VisualStudioVersion = 15.0.27703.2026
MinimumVisualStudioVersion = 10.0.40219.1
Project("{FAE04EC0-301F-11D3-BF4B-00C04F79EFBC}") = "APIRest.Android", "APIRest\APIRest.Android\APIRest.Android.csproj", "{6ED047EE-8044-4127-80A6-73DCB1D7419E}"
EndProject
Project("{FAE04EC0-301F-11D3-BF4B-00C04F79EFBC}") = "APIRest.iOS", "APIRest\APIRest.iOS\APIRest.iOS.csproj", "{D4058077-4CFE-47B1-968D-79A007A74718}"
EndProject
Project("{FAE04EC0-301F-11D3-BF4B-00C04F79EFBC}") = "APIRest", "APIRest\APIRest\APIRest.csproj", "{3558745C-C6CC-4812-A1E0-F479B1D4191B}"
EndProject
Global
	GlobalSection(SolutionConfigurationPlatforms) = preSolution
		Ad-Hoc|Any CPU = Ad-Hoc|Any CPU
		Ad-Hoc|iPhone = Ad-Hoc|iPhone
		Ad-Hoc|iPhoneSimulator = Ad-Hoc|iPhoneSimulator
		AppStore|Any CPU = AppStore|Any CPU
		AppStore|iPhone = AppStore|iPhone
		AppStore|iPhoneSimulator = AppStore|iPhoneSimulator
		Debug|Any CPU = Debug|Any CPU
		Debug|iPhone = Debug|iPhone
		Debug|iPhoneSimulator = Debug|iPhoneSimulator
		Release|Any CPU = Release|Any CPU
		Release|iPhone = Release|iPhone
		Release|iPhoneSimulator = Release|iPhoneSimulator
	EndGlobalSection
	GlobalSection(ProjectConfigurationPlatforms) = postSolution
		{6ED047EE-8044-4127-80A6-73DCB1D7419E}.Ad-Hoc|Any CPU.ActiveCfg = Release|Any CPU
		{6ED047EE-8044-4127-80A6-73DCB1D7419E}.Ad-Hoc|Any CPU.Build.0 = Release|Any CPU
		{6ED047EE-8044-4127-80A6-73DCB1D7419E}.Ad-Hoc|Any CPU.Deploy.0 = Release|Any CPU
		{6ED047EE-8044-4127-80A6-73DCB1D7419E}.Ad-Hoc|iPhone.ActiveCfg = Release|Any CPU
		{6ED047EE-8044-4127-80A6-73DCB1D7419E}.Ad-Hoc|iPhone.Build.0 = Release|Any CPU
		{6ED047EE-8044-4127-80A6-73DCB1D7419E}.Ad-Hoc|iPhone.Deploy.0 = Release|Any CPU
		{6ED047EE-8044-4127-80A6-73DCB1D7419E}.Ad-Hoc|iPhoneSimulator.ActiveCfg = Release|Any CPU
		{6ED047EE-8044-4127-80A6-73DCB1D7419E}.Ad-Hoc|iPhoneSimulator.Build.0 = Release|Any CPU
		{6ED047EE-8044-4127-80A6-73DCB1D7419E}.Ad-Hoc|iPhoneSimulator.Deploy.0 = Release|Any CPU
		{6ED047EE-8044-4127-80A6-73DCB1D7419E}.AppStore|Any CPU.ActiveCfg = Release|Any CPU
		{6ED047EE-8044-4127-80A6-73DCB1D7419E}.AppStore|Any CPU.Build.0 = Release|Any CPU
		{6ED047EE-8044-4127-80A6-73DCB1D7419E}.AppStore|Any CPU.Deploy.0 = Release|Any CPU
		{6ED047EE-8044-4127-80A6-73DCB1D7419E}.AppStore|iPhone.ActiveCfg = Release|Any CPU
		{6ED047EE-8044-4127-80A6-73DCB1D7419E}.AppStore|iPhone.Build.0 = Release|Any CPU
		{6ED047EE-8044-4127-80A6-73DCB1D7419E}.AppStore|iPhone.Deploy.0 = Release|Any CPU
		{6ED047EE-8044-4127-80A6-73DCB1D7419E}.AppStore|iPhoneSimulator.ActiveCfg = Release|Any CPU
		{6ED047EE-8044-4127-80A6-73DCB1D7419E}.AppStore|iPhoneSimulator.Build.0 = Release|Any CPU
		{6ED047EE-8044-4127-80A6-73DCB1D7419E}.AppStore|iPhoneSimulator.Deploy.0 = Release|Any CPU
		{6ED047EE-8044-4127-80A6-73DCB1D7419E}.Debug|Any CPU.ActiveCfg = Debug|Any CPU
		{6ED047EE-8044-4127-80A6-73DCB1D7419E}.Debug|Any CPU.Build.0 = Debug|Any CPU
		{6ED047EE-8044-4127-80A6-73DCB1D7419E}.Debug|Any CPU.Deploy.0 = Debug|Any CPU
		{6ED047EE-8044-4127-80A6-73DCB1D7419E}.Debug|iPhone.ActiveCfg = Debug|Any CPU
		{6ED047EE-8044-4127-80A6-73DCB1D7419E}.Debug|iPhone.Build.0 = Debug|Any CPU
		{6ED047EE-8044-4127-80A6-73DCB1D7419E}.Debug|iPhone.Deploy.0 = Debug|Any CPU
		{6ED047EE-8044-4127-80A6-73DCB1D7419E}.Debug|iPhoneSimulator.ActiveCfg = Debug|Any CPU
		{6ED047EE-8044-4127-80A6-73DCB1D7419E}.Debug|iPhoneSimulator.Build.0 = Debug|Any CPU
		{6ED047EE-8044-4127-80A6-73DCB1D7419E}.Debug|iPhoneSimulator.Deploy.0 = Debug|Any CPU
		{6ED047EE-8044-4127-80A6-73DCB1D7419E}.Release|Any CPU.ActiveCfg = Release|Any CPU
		{6ED047EE-8044-4127-80A6-73DCB1D7419E}.Release|Any CPU.Build.0 = Release|Any CPU
		{6ED047EE-8044-4127-80A6-73DCB1D7419E}.Release|Any CPU.Deploy.0 = Release|Any CPU
		{6ED047EE-8044-4127-80A6-73DCB1D7419E}.Release|iPhone.ActiveCfg = Release|Any CPU
		{6ED047EE-8044-4127-80A6-73DCB1D7419E}.Release|iPhone.Build.0 = Release|Any CPU
		{6ED047EE-8044-4127-80A6-73DCB1D7419E}.Release|iPhone.Deploy.0 = Release|Any CPU
		{6ED047EE-8044-4127-80A6-73DCB1D7419E}.Release|iPhoneSimulator.ActiveCfg = Release|Any CPU
		{6ED047EE-8044-4127-80A6-73DCB1D7419E}.Release|iPhoneSimulator.Build.0 = Release|Any CPU
		{6ED047EE-8044-4127-80A6-73DCB1D7419E}.Release|iPhoneSimulator.Deploy.0 = Release|Any CPU
		{D4058077-4CFE-47B1-968D-79A007A74718}.Ad-Hoc|Any CPU.ActiveCfg = Ad-Hoc|iPhone
		{D4058077-4CFE-47B1-968D-79A007A74718}.Ad-Hoc|Any CPU.Build.0 = Ad-Hoc|iPhone
		{D4058077-4CFE-47B1-968D-79A007A74718}.Ad-Hoc|Any CPU.Deploy.0 = Ad-Hoc|iPhone
		{D4058077-4CFE-47B1-968D-79A007A74718}.Ad-Hoc|iPhone.ActiveCfg = Ad-Hoc|iPhone
		{D4058077-4CFE-47B1-968D-79A007A74718}.Ad-Hoc|iPhone.Build.0 = Ad-Hoc|iPhone
		{D4058077-4CFE-47B1-968D-79A007A74718}.Ad-Hoc|iPhone.Deploy.0 = Ad-Hoc|iPhone
		{D4058077-4CFE-47B1-968D-79A007A74718}.Ad-Hoc|iPhoneSimulator.ActiveCfg = Ad-Hoc|iPhoneSimulator
		{D4058077-4CFE-47B1-968D-79A007A74718}.Ad-Hoc|iPhoneSimulator.Build.0 = Ad-Hoc|iPhoneSimulator
		{D4058077-4CFE-47B1-968D-79A007A74718}.Ad-Hoc|iPhoneSimulator.Deploy.0 = Ad-Hoc|iPhoneSimulator
		{D4058077-4CFE-47B1-968D-79A007A74718}.AppStore|Any CPU.ActiveCfg = AppStore|iPhone
		{D4058077-4CFE-47B1-968D-79A007A74718}.AppStore|Any CPU.Build.0 = AppStore|iPhone
		{D4058077-4CFE-47B1-968D-79A007A74718}.AppStore|Any CPU.Deploy.0 = AppStore|iPhone
		{D4058077-4CFE-47B1-968D-79A007A74718}.AppStore|iPhone.ActiveCfg = AppStore|iPhone
		{D4058077-4CFE-47B1-968D-79A007A74718}.AppStore|iPhone.Build.0 = AppStore|iPhone
		{D4058077-4CFE-47B1-968D-79A007A74718}.AppStore|iPhone.Deploy.0 = AppStore|iPhone
		{D4058077-4CFE-47B1-968D-79A007A74718}.AppStore|iPhoneSimulator.ActiveCfg = AppStore|iPhoneSimulator
		{D4058077-4CFE-47B1-968D-79A007A74718}.AppStore|iPhoneSimulator.Build.0 = AppStore|iPhoneSimulator
		{D4058077-4CFE-47B1-968D-79A007A74718}.AppStore|iPhoneSimulator.Deploy.0 = AppStore|iPhoneSimulator
		{D4058077-4CFE-47B1-968D-79A007A74718}.Debug|Any CPU.ActiveCfg = Debug|iPhoneSimulator
		{D4058077-4CFE-47B1-968D-79A007A74718}.Debug|Any CPU.Build.0 = Debug|iPhoneSimulator
		{D4058077-4CFE-47B1-968D-79A007A74718}.Debug|Any CPU.Deploy.0 = Debug|iPhoneSimulator
		{D4058077-4CFE-47B1-968D-79A007A74718}.Debug|iPhone.ActiveCfg = Debug|iPhone
		{D4058077-4CFE-47B1-968D-79A007A74718}.Debug|iPhone.Build.0 = Debug|iPhone
		{D4058077-4CFE-47B1-968D-79A007A74718}.Debug|iPhone.Deploy.0 = Debug|iPhone
		{D4058077-4CFE-47B1-968D-79A007A74718}.Debug|iPhoneSimulator.ActiveCfg = Debug|iPhoneSimulator
		{D4058077-4CFE-47B1-968D-79A007A74718}.Debug|iPhoneSimulator.Build.0 = Debug|iPhoneSimulator
		{D4058077-4CFE-47B1-968D-79A007A74718}.Debug|iPhoneSimulator.Deploy.0 = Debug|iPhoneSimulator
		{D4058077-4CFE-47B1-968D-79A007A74718}.Release|Any CPU.ActiveCfg = Release|iPhone
		{D4058077-4CFE-47B1-968D-79A007A74718}.Release|Any CPU.Build.0 = Release|iPhone
		{D4058077-4CFE-47B1-968D-79A007A74718}.Release|Any CPU.Deploy.0 = Release|iPhone
		{D4058077-4CFE-47B1-968D-79A007A74718}.Release|iPhone.ActiveCfg = Release|iPhone
		{D4058077-4CFE-47B1-968D-79A007A74718}.Release|iPhone.Build.0 = Release|iPhone
		{D4058077-4CFE-47B1-968D-79A007A74718}.Release|iPhone.Deploy.0 = Release|iPhone
		{D4058077-4CFE-47B1-968D-79A007A74718}.Release|iPhoneSimulator.ActiveCfg = Release|iPhoneSimulator
		{D4058077-4CFE-47B1-968D-79A007A74718}.Release|iPhoneSimulator.Build.0 = Release|iPhoneSimulator
		{D4058077-4CFE-47B1-968D-79A007A74718}.Release|iPhoneSimulator.Deploy.0 = Release|iPhoneSimulator
		{3558745C-C6CC-4812-A1E0-F479B1D4191B}.Ad-Hoc|Any CPU.ActiveCfg = Debug|Any CPU
		{3558745C-C6CC-4812-A1E0-F479B1D4191B}.Ad-Hoc|Any CPU.Build.0 = Debug|Any CPU
		{3558745C-C6CC-4812-A1E0-F479B1D4191B}.Ad-Hoc|Any CPU.Deploy.0 = Debug|Any CPU
		{3558745C-C6CC-4812-A1E0-F479B1D4191B}.Ad-Hoc|iPhone.ActiveCfg = Debug|Any CPU
		{3558745C-C6CC-4812-A1E0-F479B1D4191B}.Ad-Hoc|iPhone.Build.0 = Debug|Any CPU
		{3558745C-C6CC-4812-A1E0-F479B1D4191B}.Ad-Hoc|iPhone.Deploy.0 = Debug|Any CPU
		{3558745C-C6CC-4812-A1E0-F479B1D4191B}.Ad-Hoc|iPhoneSimulator.ActiveCfg = Debug|Any CPU
		{3558745C-C6CC-4812-A1E0-F479B1D4191B}.Ad-Hoc|iPhoneSimulator.Build.0 = Debug|Any CPU
		{3558745C-C6CC-4812-A1E0-F479B1D4191B}.Ad-Hoc|iPhoneSimulator.Deploy.0 = Debug|Any CPU
		{3558745C-C6CC-4812-A1E0-F479B1D4191B}.AppStore|Any CPU.ActiveCfg = Debug|Any CPU
		{3558745C-C6CC-4812-A1E0-F479B1D4191B}.AppStore|Any CPU.Build.0 = Debug|Any CPU
		{3558745C-C6CC-4812-A1E0-F479B1D4191B}.AppStore|Any CPU.Deploy.0 = Debug|Any CPU
		{3558745C-C6CC-4812-A1E0-F479B1D4191B}.AppStore|iPhone.ActiveCfg = Debug|Any CPU
		{3558745C-C6CC-4812-A1E0-F479B1D4191B}.AppStore|iPhone.Build.0 = Debug|Any CPU
		{3558745C-C6CC-4812-A1E0-F479B1D4191B}.AppStore|iPhone.Deploy.0 = Debug|Any CPU
		{3558745C-C6CC-4812-A1E0-F479B1D4191B}.AppStore|iPhoneSimulator.ActiveCfg = Debug|Any CPU
		{3558745C-C6CC-4812-A1E0-F479B1D4191B}.AppStore|iPhoneSimulator.Build.0 = Debug|Any CPU
		{3558745C-C6CC-4812-A1E0-F479B1D4191B}.AppStore|iPhoneSimulator.Deploy.0 = Debug|Any CPU
		{3558745C-C6CC-4812-A1E0-F479B1D4191B}.Debug|Any CPU.ActiveCfg = Debug|Any CPU
		{3558745C-C6CC-4812-A1E0-F479B1D4191B}.Debug|Any CPU.Build.0 = Debug|Any CPU
		{3558745C-C6CC-4812-A1E0-F479B1D4191B}.Debug|Any CPU.Deploy.0 = Debug|Any CPU
		{3558745C-C6CC-4812-A1E0-F479B1D4191B}.Debug|iPhone.ActiveCfg = Debug|Any CPU
		{3558745C-C6CC-4812-A1E0-F479B1D4191B}.Debug|iPhone.Build.0 = Debug|Any CPU
		{3558745C-C6CC-4812-A1E0-F479B1D4191B}.Debug|iPhone.Deploy.0 = Debug|Any CPU
		{3558745C-C6CC-4812-A1E0-F479B1D4191B}.Debug|iPhoneSimulator.ActiveCfg = Debug|Any CPU
		{3558745C-C6CC-4812-A1E0-F479B1D4191B}.Debug|iPhoneSimulator.Build.0 = Debug|Any CPU
		{3558745C-C6CC-4812-A1E0-F479B1D4191B}.Debug|iPhoneSimulator.Deploy.0 = Debug|Any CPU
		{3558745C-C6CC-4812-A1E0-F479B1D4191B}.Release|Any CPU.ActiveCfg = Release|Any CPU
		{3558745C-C6CC-4812-A1E0-F479B1D4191B}.Release|Any CPU.Build.0 = Release|Any CPU
		{3558745C-C6CC-4812-A1E0-F479B1D4191B}.Release|Any CPU.Deploy.0 = Release|Any CPU
		{3558745C-C6CC-4812-A1E0-F479B1D4191B}.Release|iPhone.ActiveCfg = Release|Any CPU
		{3558745C-C6CC-4812-A1E0-F479B1D4191B}.Release|iPhone.Build.0 = Release|Any CPU
		{3558745C-C6CC-4812-A1E0-F479B1D4191B}.Release|iPhone.Deploy.0 = Release|Any CPU
		{3558745C-C6CC-4812-A1E0-F479B1D4191B}.Release|iPhoneSimulator.ActiveCfg = Release|Any CPU
		{3558745C-C6CC-4812-A1E0-F479B1D4191B}.Release|iPhoneSimulator.Build.0 = Release|Any CPU
		{3558745C-C6CC-4812-A1E0-F479B1D4191B}.Release|iPhoneSimulator.Deploy.0 = Release|Any CPU
	EndGlobalSection
	GlobalSection(SolutionProperties) = preSolution
		HideSolutionNode = FALSE
	EndGlobalSection
	GlobalSection(ExtensibilityGlobals) = postSolution
		SolutionGuid = {AC8056D1-F490-4DF2-8697-828E8B74784A}
	EndGlobalSection
EndGlobal
